
Microsoft Visual Studio Solution File, Format Version 12.00
# Visual Studio Version 16
VisualStudioVersion = 16.0.31624.102
MinimumVisualStudioVersion = 10.0.40219.1
Project("{FAE04EC0-301F-11D3-BF4B-00C04F79EFBC}") = "1911065701_LeHuuVang_BigSchool", "1911065701_LeHuuVang_BigSchool\1911065701_LeHuuVang_BigSchool.csproj", "{F0821606-B4E8-425C-AC47-D74FD145BFEB}"
EndProject
Global
	GlobalSection(SolutionConfigurationPlatforms) = preSolution
		Debug|Any CPU = Debug|Any CPU
		Release|Any CPU = Release|Any CPU
	EndGlobalSection
	GlobalSection(ProjectConfigurationPlatforms) = postSolution
		{F0821606-B4E8-425C-AC47-D74FD145BFEB}.Debug|Any CPU.ActiveCfg = Debug|Any CPU
		{F0821606-B4E8-425C-AC47-D74FD145BFEB}.Debug|Any CPU.Build.0 = Debug|Any CPU
		{F0821606-B4E8-425C-AC47-D74FD145BFEB}.Release|Any CPU.ActiveCfg = Release|Any CPU
		{F0821606-B4E8-425C-AC47-D74FD145BFEB}.Release|Any CPU.Build.0 = Release|Any CPU
	EndGlobalSection
	GlobalSection(SolutionProperties) = preSolution
		HideSolutionNode = FALSE
	EndGlobalSection
	GlobalSection(ExtensibilityGlobals) = postSolution
		SolutionGuid = {FEEF3F40-2ACF-40AA-B5DE-DB3B39775C3B}
	EndGlobalSection
EndGlobal
